// !$*UTF8*$!
{
	archiveVersion = 1;
	classes = {
	};
	objectVersion = 46;
	objects = {

/* Begin PBXBuildFile section */
		8D11072F0486CEB800E47090 /* Cocoa.framework in Frameworks */ = {isa = PBXBuildFile; fileRef = 1058C7A1FEA54F0111CA2CBB /* Cocoa.framework */; };
		F4070BE0221ED056006E7700 /* FSUtils.m in Sources */ = {isa = PBXBuildFile; fileRef = F4070BDF221ED056006E7700 /* FSUtils.m */; };
		F4081FA02088E0C9009BB15A /* ProcessUtils.m in Sources */ = {isa = PBXBuildFile; fileRef = F4081F9F2088E0C9009BB15A /* ProcessUtils.m */; };
		F40B7D2D1C75FA05000A4616 /* Images.xcassets in Resources */ = {isa = PBXBuildFile; fileRef = F40B7D2C1C75FA05000A4616 /* Images.xcassets */; };
		F40B7D311C75FAC7000A4616 /* Alerts.m in Sources */ = {isa = PBXBuildFile; fileRef = F40B7D301C75FAC6000A4616 /* Alerts.m */; };
		F413E66F1C76842A00385DB3 /* MainMenu.xib in Resources */ = {isa = PBXBuildFile; fileRef = F413E66E1C76842A00385DB3 /* MainMenu.xib */; };
		F42940C9221987240031E564 /* IconUtils.m in Sources */ = {isa = PBXBuildFile; fileRef = F42940C8221987240031E564 /* IconUtils.m */; };
		F43440C620822A7F00AF60AA /* AppIcon.icns in Resources */ = {isa = PBXBuildFile; fileRef = F438712D13402CDD00B51A5E /* AppIcon.icns */; };
		F438711813402C8200B51A5E /* main.m in Sources */ = {isa = PBXBuildFile; fileRef = F438710913402C8200B51A5E /* main.m */; };
		F438711A13402C8200B51A5E /* SlothController.m in Sources */ = {isa = PBXBuildFile; fileRef = F438710E13402C8200B51A5E /* SlothController.m */; };
		F438713413402CDD00B51A5E /* Defaults.plist in Resources */ = {isa = PBXBuildFile; fileRef = F438712C13402CDD00B51A5E /* Defaults.plist */; };
		F442E0731EA7DB1000BAD80C /* InfoPanel.xib in Resources */ = {isa = PBXBuildFile; fileRef = F442E0721EA7DB1000BAD80C /* InfoPanel.xib */; };
		F442E0781EA7DD0D00BAD80C /* Sparkle.framework in Frameworks */ = {isa = PBXBuildFile; fileRef = F442E0771EA7DD0D00BAD80C /* Sparkle.framework */; };
		F442E0791EA7DD2500BAD80C /* Sparkle.framework in Copy Frameworks */ = {isa = PBXBuildFile; fileRef = F442E0771EA7DD0D00BAD80C /* Sparkle.framework */; settings = {ATTRIBUTES = (CodeSignOnCopy, RemoveHeadersOnCopy, ); }; };
		F4584497216BA23400428797 /* STPrivilegedTask.m in Sources */ = {isa = PBXBuildFile; fileRef = F4584496216BA23400428797 /* STPrivilegedTask.m */; };
		F471DF6420F586510057E667 /* NSWorkspace+Additions.m in Sources */ = {isa = PBXBuildFile; fileRef = F471DF6220F586510057E667 /* NSWorkspace+Additions.m */; };
		F479672E224FA4E000CA0746 /* TimeAgoTextField.m in Sources */ = {isa = PBXBuildFile; fileRef = F479672D224FA4E000CA0746 /* TimeAgoTextField.m */; };
		F47B45361EE74F2C00D79DFF /* Credits.rtf in Resources */ = {isa = PBXBuildFile; fileRef = F47B45351EE74F2C00D79DFF /* Credits.rtf */; };
		F4A7BA8220EBAD3200083B48 /* VolumesPopUpButton.m in Sources */ = {isa = PBXBuildFile; fileRef = F4A7BA8120EBAD3200083B48 /* VolumesPopUpButton.m */; };
		F4AC98362060583E0000871B /* IPUtils.m in Sources */ = {isa = PBXBuildFile; fileRef = F4AC98352060583E0000871B /* IPUtils.m */; };
		F4D529341C90BAE10046FAE9 /* InfoPanelController.m in Sources */ = {isa = PBXBuildFile; fileRef = F4D529321C90BAE10046FAE9 /* InfoPanelController.m */; };
		F4ED53C31C789A0A0024540F /* Security.framework in Frameworks */ = {isa = PBXBuildFile; fileRef = F4ED53C21C789A0A0024540F /* Security.framework */; };
		F4F1D89D1C76186200945D3E /* NSString+RegexConvenience.m in Sources */ = {isa = PBXBuildFile; fileRef = F4F1D89C1C76186200945D3E /* NSString+RegexConvenience.m */; };
		F4F1D9171C7CB9C500945D3E /* dsa_pub.pem in Resources */ = {isa = PBXBuildFile; fileRef = F4F1D9121C7CB95700945D3E /* dsa_pub.pem */; };
		F4F7A5012215F0F0004421AA /* PrefsController.m in Sources */ = {isa = PBXBuildFile; fileRef = F4F7A4FF2215F0F0004421AA /* PrefsController.m */; };
		F4F7A5042215F11E004421AA /* Prefs.xib in Resources */ = {isa = PBXBuildFile; fileRef = F4F7A5032215F11E004421AA /* Prefs.xib */; };
/* End PBXBuildFile section */

/* Begin PBXCopyFilesBuildPhase section */
		F413E66C1C76631F00385DB3 /* Copy Frameworks */ = {
			isa = PBXCopyFilesBuildPhase;
			buildActionMask = 2147483647;
			dstPath = "";
			dstSubfolderSpec = 10;
			files = (
				F442E0791EA7DD2500BAD80C /* Sparkle.framework in Copy Frameworks */,
			);
			name = "Copy Frameworks";
			runOnlyForDeploymentPostprocessing = 0;
		};
/* End PBXCopyFilesBuildPhase section */

/* Begin PBXFileReference section */
		1058C7A1FEA54F0111CA2CBB /* Cocoa.framework */ = {isa = PBXFileReference; lastKnownFileType = wrapper.framework; name = Cocoa.framework; path = /System/Library/Frameworks/Cocoa.framework; sourceTree = "<absolute>"; };
		8D1107320486CEB800E47090 /* Sloth.app */ = {isa = PBXFileReference; explicitFileType = wrapper.application; includeInIndex = 0; path = Sloth.app; sourceTree = BUILT_PRODUCTS_DIR; };
		F4070BDE221ED056006E7700 /* FSUtils.h */ = {isa = PBXFileReference; lastKnownFileType = sourcecode.c.h; path = FSUtils.h; sourceTree = "<group>"; };
		F4070BDF221ED056006E7700 /* FSUtils.m */ = {isa = PBXFileReference; lastKnownFileType = sourcecode.c.objc; path = FSUtils.m; sourceTree = "<group>"; };
		F4081F9E2088E0C9009BB15A /* ProcessUtils.h */ = {isa = PBXFileReference; lastKnownFileType = sourcecode.c.h; path = ProcessUtils.h; sourceTree = "<group>"; };
		F4081F9F2088E0C9009BB15A /* ProcessUtils.m */ = {isa = PBXFileReference; lastKnownFileType = sourcecode.c.objc; path = ProcessUtils.m; sourceTree = "<group>"; };
		F40B7D2B1C75F161000A4616 /* sloth_icon.png */ = {isa = PBXFileReference; lastKnownFileType = image.png; path = sloth_icon.png; sourceTree = "<group>"; };
		F40B7D2C1C75FA05000A4616 /* Images.xcassets */ = {isa = PBXFileReference; lastKnownFileType = folder.assetcatalog; path = Images.xcassets; sourceTree = "<group>"; };
		F40B7D2F1C75FAC6000A4616 /* Alerts.h */ = {isa = PBXFileReference; fileEncoding = 4; lastKnownFileType = sourcecode.c.h; path = Alerts.h; sourceTree = "<group>"; };
		F40B7D301C75FAC6000A4616 /* Alerts.m */ = {isa = PBXFileReference; fileEncoding = 4; lastKnownFileType = sourcecode.c.objc; path = Alerts.m; sourceTree = "<group>"; };
		F413E66E1C76842A00385DB3 /* MainMenu.xib */ = {isa = PBXFileReference; fileEncoding = 4; lastKnownFileType = file.xib; path = MainMenu.xib; sourceTree = "<group>"; };
		F42940C7221987240031E564 /* IconUtils.h */ = {isa = PBXFileReference; lastKnownFileType = sourcecode.c.h; path = IconUtils.h; sourceTree = "<group>"; };
		F42940C8221987240031E564 /* IconUtils.m */ = {isa = PBXFileReference; lastKnownFileType = sourcecode.c.objc; path = IconUtils.m; sourceTree = "<group>"; };
		F438710913402C8200B51A5E /* main.m */ = {isa = PBXFileReference; fileEncoding = 4; lastKnownFileType = sourcecode.c.objc; path = main.m; sourceTree = "<group>"; };
		F438710D13402C8200B51A5E /* SlothController.h */ = {isa = PBXFileReference; fileEncoding = 4; lastKnownFileType = sourcecode.c.h; path = SlothController.h; sourceTree = "<group>"; };
		F438710E13402C8200B51A5E /* SlothController.m */ = {isa = PBXFileReference; fileEncoding = 4; lastKnownFileType = sourcecode.c.objc; path = SlothController.m; sourceTree = "<group>"; };
		F438712913402CDD00B51A5E /* Info.plist */ = {isa = PBXFileReference; fileEncoding = 4; lastKnownFileType = text.plist.xml; path = Info.plist; sourceTree = "<group>"; };
		F438712C13402CDD00B51A5E /* Defaults.plist */ = {isa = PBXFileReference; fileEncoding = 4; lastKnownFileType = text.plist.xml; path = Defaults.plist; sourceTree = "<group>"; };
		F438712D13402CDD00B51A5E /* AppIcon.icns */ = {isa = PBXFileReference; lastKnownFileType = image.icns; path = AppIcon.icns; sourceTree = "<group>"; };
		F442E0721EA7DB1000BAD80C /* InfoPanel.xib */ = {isa = PBXFileReference; fileEncoding = 4; lastKnownFileType = file.xib; path = InfoPanel.xib; sourceTree = "<group>"; };
		F442E0771EA7DD0D00BAD80C /* Sparkle.framework */ = {isa = PBXFileReference; lastKnownFileType = wrapper.framework; name = Sparkle.framework; path = sparkle/Sparkle.framework; sourceTree = "<group>"; };
		F4584495216BA23400428797 /* STPrivilegedTask.h */ = {isa = PBXFileReference; fileEncoding = 4; lastKnownFileType = sourcecode.c.h; path = STPrivilegedTask.h; sourceTree = "<group>"; };
		F4584496216BA23400428797 /* STPrivilegedTask.m */ = {isa = PBXFileReference; fileEncoding = 4; lastKnownFileType = sourcecode.c.objc; path = STPrivilegedTask.m; sourceTree = "<group>"; };
		F471DF6220F586510057E667 /* NSWorkspace+Additions.m */ = {isa = PBXFileReference; fileEncoding = 4; lastKnownFileType = sourcecode.c.objc; path = "NSWorkspace+Additions.m"; sourceTree = "<group>"; };
		F471DF6320F586510057E667 /* NSWorkspace+Additions.h */ = {isa = PBXFileReference; fileEncoding = 4; lastKnownFileType = sourcecode.c.h; path = "NSWorkspace+Additions.h"; sourceTree = "<group>"; };
		F479672C224FA4E000CA0746 /* TimeAgoTextField.h */ = {isa = PBXFileReference; lastKnownFileType = sourcecode.c.h; path = TimeAgoTextField.h; sourceTree = "<group>"; };
		F479672D224FA4E000CA0746 /* TimeAgoTextField.m */ = {isa = PBXFileReference; lastKnownFileType = sourcecode.c.objc; path = TimeAgoTextField.m; sourceTree = "<group>"; };
		F47B45351EE74F2C00D79DFF /* Credits.rtf */ = {isa = PBXFileReference; fileEncoding = 4; lastKnownFileType = text.rtf; path = Credits.rtf; sourceTree = "<group>"; };
		F47B453F1EF82AC200D79DFF /* TODO.txt */ = {isa = PBXFileReference; fileEncoding = 4; lastKnownFileType = text; path = TODO.txt; sourceTree = "<group>"; };
		F49B28AC1E858FAC00FA6716 /* sloth_screenshot2.jpg */ = {isa = PBXFileReference; lastKnownFileType = image.jpeg; path = sloth_screenshot2.jpg; sourceTree = "<group>"; };
		F4A7BA8020EBAD3200083B48 /* VolumesPopUpButton.h */ = {isa = PBXFileReference; lastKnownFileType = sourcecode.c.h; path = VolumesPopUpButton.h; sourceTree = "<group>"; };
		F4A7BA8120EBAD3200083B48 /* VolumesPopUpButton.m */ = {isa = PBXFileReference; lastKnownFileType = sourcecode.c.objc; path = VolumesPopUpButton.m; sourceTree = "<group>"; };
		F4A8B5CD222DB5280049FA51 /* Makefile */ = {isa = PBXFileReference; lastKnownFileType = sourcecode.make; path = Makefile; sourceTree = "<group>"; };
		F4A9D5EE206A68BC0069B2B6 /* LICENSE.txt */ = {isa = PBXFileReference; lastKnownFileType = text; path = LICENSE.txt; sourceTree = "<group>"; };
		F4AC98342060583E0000871B /* IPUtils.h */ = {isa = PBXFileReference; lastKnownFileType = sourcecode.c.h; path = IPUtils.h; sourceTree = "<group>"; };
		F4AC98352060583E0000871B /* IPUtils.m */ = {isa = PBXFileReference; lastKnownFileType = sourcecode.c.objc; path = IPUtils.m; sourceTree = "<group>"; };
		F4B4F70B2230479F00F3C073 /* srcloc.sh */ = {isa = PBXFileReference; lastKnownFileType = text.script.sh; path = srcloc.sh; sourceTree = "<group>"; };
		F4B977AF1F8EBBEB0099971E /* sloth_screenshot1.jpg */ = {isa = PBXFileReference; lastKnownFileType = image.jpeg; path = sloth_screenshot1.jpg; sourceTree = "<group>"; };
		F4D529311C90BAE10046FAE9 /* InfoPanelController.h */ = {isa = PBXFileReference; fileEncoding = 4; lastKnownFileType = sourcecode.c.h; name = InfoPanelController.h; path = source/InfoPanelController.h; sourceTree = SOURCE_ROOT; };
		F4D529321C90BAE10046FAE9 /* InfoPanelController.m */ = {isa = PBXFileReference; fileEncoding = 4; lastKnownFileType = sourcecode.c.objc; name = InfoPanelController.m; path = source/InfoPanelController.m; sourceTree = SOURCE_ROOT; };
		F4ED53C21C789A0A0024540F /* Security.framework */ = {isa = PBXFileReference; lastKnownFileType = wrapper.framework; name = Security.framework; path = /System/Library/Frameworks/Security.framework; sourceTree = "<absolute>"; };
		F4F1D89A1C75FBF800945D3E /* Common.h */ = {isa = PBXFileReference; lastKnownFileType = sourcecode.c.h; path = Common.h; sourceTree = "<group>"; };
		F4F1D89B1C76186200945D3E /* NSString+RegexConvenience.h */ = {isa = PBXFileReference; fileEncoding = 4; lastKnownFileType = sourcecode.c.h; path = "NSString+RegexConvenience.h"; sourceTree = "<group>"; };
		F4F1D89C1C76186200945D3E /* NSString+RegexConvenience.m */ = {isa = PBXFileReference; fileEncoding = 4; lastKnownFileType = sourcecode.c.objc; path = "NSString+RegexConvenience.m"; sourceTree = "<group>"; };
		F4F1D8A01C7623AF00945D3E /* README.md */ = {isa = PBXFileReference; lastKnownFileType = net.daringfireball.markdown; path = README.md; sourceTree = "<group>"; };
		F4F1D9111C7CB95700945D3E /* dsa_priv.pem */ = {isa = PBXFileReference; lastKnownFileType = text; path = dsa_priv.pem; sourceTree = "<group>"; };
		F4F1D9121C7CB95700945D3E /* dsa_pub.pem */ = {isa = PBXFileReference; lastKnownFileType = text; path = dsa_pub.pem; sourceTree = "<group>"; };
		F4F1D9141C7CB95700945D3E /* sign_update.rb */ = {isa = PBXFileReference; lastKnownFileType = text.script.ruby; path = sign_update.rb; sourceTree = "<group>"; };
		F4F1D9151C7CB95700945D3E /* SlothAppcast.xml */ = {isa = PBXFileReference; lastKnownFileType = text.xml; path = SlothAppcast.xml; sourceTree = "<group>"; };
		F4F1D9161C7CB95700945D3E /* update_appcast.sh */ = {isa = PBXFileReference; lastKnownFileType = text.script.sh; path = update_appcast.sh; sourceTree = "<group>"; };
		F4F7A4FE2215F0F0004421AA /* PrefsController.h */ = {isa = PBXFileReference; lastKnownFileType = sourcecode.c.h; name = PrefsController.h; path = source/PrefsController.h; sourceTree = SOURCE_ROOT; };
		F4F7A4FF2215F0F0004421AA /* PrefsController.m */ = {isa = PBXFileReference; lastKnownFileType = sourcecode.c.objc; name = PrefsController.m; path = source/PrefsController.m; sourceTree = SOURCE_ROOT; };
		F4F7A5032215F11E004421AA /* Prefs.xib */ = {isa = PBXFileReference; fileEncoding = 4; lastKnownFileType = file.xib; path = Prefs.xib; sourceTree = "<group>"; };
/* End PBXFileReference section */

/* Begin PBXFrameworksBuildPhase section */
		8D11072E0486CEB800E47090 /* Frameworks */ = {
			isa = PBXFrameworksBuildPhase;
			buildActionMask = 2147483647;
			files = (
				8D11072F0486CEB800E47090 /* Cocoa.framework in Frameworks */,
				F442E0781EA7DD0D00BAD80C /* Sparkle.framework in Frameworks */,
				F4ED53C31C789A0A0024540F /* Security.framework in Frameworks */,
			);
			runOnlyForDeploymentPostprocessing = 0;
		};
/* End PBXFrameworksBuildPhase section */

/* Begin PBXGroup section */
		19C28FACFE9D520D11CA2CBB /* Products */ = {
			isa = PBXGroup;
			children = (
				8D1107320486CEB800E47090 /* Sloth.app */,
			);
			name = Products;
			sourceTree = "<group>";
		};
		29B97314FDCFA39411CA2CEA /* Sloth */ = {
			isa = PBXGroup;
			children = (
				F4A8B5CD222DB5280049FA51 /* Makefile */,
				F4B4F70B2230479F00F3C073 /* srcloc.sh */,
				F4F1D8A01C7623AF00945D3E /* README.md */,
				F47B453F1EF82AC200D79DFF /* TODO.txt */,
				F4A9D5EE206A68BC0069B2B6 /* LICENSE.txt */,
				F438710613402C8200B51A5E /* Source */,
				F438712713402CDD00B51A5E /* Resources */,
				F4F1D9101C7CB95700945D3E /* Sparkle */,
				29B97323FDCFA39411CA2CEA /* Frameworks */,
				19C28FACFE9D520D11CA2CBB /* Products */,
			);
			indentWidth = 4;
			name = Sloth;
			sourceTree = "<group>";
			tabWidth = 4;
			usesTabs = 0;
		};
		29B97323FDCFA39411CA2CEA /* Frameworks */ = {
			isa = PBXGroup;
			children = (
				F442E0771EA7DD0D00BAD80C /* Sparkle.framework */,
				F4ED53C21C789A0A0024540F /* Security.framework */,
				1058C7A1FEA54F0111CA2CBB /* Cocoa.framework */,
			);
			name = Frameworks;
			sourceTree = "<group>";
		};
		F40B7D2E1C75FA94000A4616 /* Util */ = {
			isa = PBXGroup;
			children = (
				F4584495216BA23400428797 /* STPrivilegedTask.h */,
				F4584496216BA23400428797 /* STPrivilegedTask.m */,
				F479672C224FA4E000CA0746 /* TimeAgoTextField.h */,
				F479672D224FA4E000CA0746 /* TimeAgoTextField.m */,
				F42940C7221987240031E564 /* IconUtils.h */,
				F42940C8221987240031E564 /* IconUtils.m */,
				F4081F9E2088E0C9009BB15A /* ProcessUtils.h */,
				F4081F9F2088E0C9009BB15A /* ProcessUtils.m */,
				F4AC98342060583E0000871B /* IPUtils.h */,
				F4AC98352060583E0000871B /* IPUtils.m */,
				F4070BDE221ED056006E7700 /* FSUtils.h */,
				F4070BDF221ED056006E7700 /* FSUtils.m */,
				F4F1D89B1C76186200945D3E /* NSString+RegexConvenience.h */,
				F4F1D89C1C76186200945D3E /* NSString+RegexConvenience.m */,
				F4A7BA8020EBAD3200083B48 /* VolumesPopUpButton.h */,
				F4A7BA8120EBAD3200083B48 /* VolumesPopUpButton.m */,
				F40B7D2F1C75FAC6000A4616 /* Alerts.h */,
				F40B7D301C75FAC6000A4616 /* Alerts.m */,
				F471DF6320F586510057E667 /* NSWorkspace+Additions.h */,
				F471DF6220F586510057E667 /* NSWorkspace+Additions.m */,
			);
			name = Util;
			sourceTree = "<group>";
		};
		F438710613402C8200B51A5E /* Source */ = {
			isa = PBXGroup;
			children = (
				F438710913402C8200B51A5E /* main.m */,
				F4F1D89A1C75FBF800945D3E /* Common.h */,
				F438710D13402C8200B51A5E /* SlothController.h */,
				F438710E13402C8200B51A5E /* SlothController.m */,
				F4D529311C90BAE10046FAE9 /* InfoPanelController.h */,
				F4D529321C90BAE10046FAE9 /* InfoPanelController.m */,
				F4F7A4FE2215F0F0004421AA /* PrefsController.h */,
				F4F7A4FF2215F0F0004421AA /* PrefsController.m */,
				F40B7D2E1C75FA94000A4616 /* Util */,
			);
			name = Source;
			path = source;
			sourceTree = "<group>";
		};
		F438712713402CDD00B51A5E /* Resources */ = {
			isa = PBXGroup;
			children = (
				F40B7D2C1C75FA05000A4616 /* Images.xcassets */,
				F413E66E1C76842A00385DB3 /* MainMenu.xib */,
				F442E0721EA7DB1000BAD80C /* InfoPanel.xib */,
				F4F7A5032215F11E004421AA /* Prefs.xib */,
				F47B45351EE74F2C00D79DFF /* Credits.rtf */,
				F438712913402CDD00B51A5E /* Info.plist */,
				F438712C13402CDD00B51A5E /* Defaults.plist */,
				F442E0741EA7DB2200BAD80C /* Images */,
			);
			name = Resources;
			path = resources;
			sourceTree = "<group>";
		};
		F442E0741EA7DB2200BAD80C /* Images */ = {
			isa = PBXGroup;
			children = (
				F438712D13402CDD00B51A5E /* AppIcon.icns */,
				F40B7D2B1C75F161000A4616 /* sloth_icon.png */,
				F4B977AF1F8EBBEB0099971E /* sloth_screenshot1.jpg */,
				F49B28AC1E858FAC00FA6716 /* sloth_screenshot2.jpg */,
			);
			name = Images;
			sourceTree = "<group>";
		};
		F4F1D9101C7CB95700945D3E /* Sparkle */ = {
			isa = PBXGroup;
			children = (
				F4F1D9151C7CB95700945D3E /* SlothAppcast.xml */,
				F4F1D9111C7CB95700945D3E /* dsa_priv.pem */,
				F4F1D9121C7CB95700945D3E /* dsa_pub.pem */,
				F4F1D9141C7CB95700945D3E /* sign_update.rb */,
				F4F1D9161C7CB95700945D3E /* update_appcast.sh */,
			);
			name = Sparkle;
			path = sparkle;
			sourceTree = "<group>";
		};
/* End PBXGroup section */

/* Begin PBXNativeTarget section */
		8D1107260486CEB800E47090 /* Sloth */ = {
			isa = PBXNativeTarget;
			buildConfigurationList = C01FCF4A08A954540054247B /* Build configuration list for PBXNativeTarget "Sloth" */;
			buildPhases = (
				8D1107290486CEB800E47090 /* Resources */,
				F4F1D89E1C761F8F00945D3E /* Set CFBundleVersion */,
				8D11072C0486CEB800E47090 /* Sources */,
				F413E66C1C76631F00385DB3 /* Copy Frameworks */,
				8D11072E0486CEB800E47090 /* Frameworks */,
			);
			buildRules = (
			);
			dependencies = (
			);
			name = Sloth;
			productInstallPath = "$(HOME)/Applications";
			productName = Sloth;
			productReference = 8D1107320486CEB800E47090 /* Sloth.app */;
			productType = "com.apple.product-type.application";
		};
/* End PBXNativeTarget section */

/* Begin PBXProject section */
		29B97313FDCFA39411CA2CEA /* Project object */ = {
			isa = PBXProject;
			attributes = {
				LastUpgradeCheck = 1020;
				ORGANIZATIONNAME = "Sveinbjorn Thordarson";
				TargetAttributes = {
					8D1107260486CEB800E47090 = {
						DevelopmentTeam = 5WX26Y89JP;
						ProvisioningStyle = Manual;
					};
				};
			};
			buildConfigurationList = C01FCF4E08A954540054247B /* Build configuration list for PBXProject "Sloth" */;
			compatibilityVersion = "Xcode 3.2";
			developmentRegion = en;
			hasScannedForEncodings = 1;
			knownRegions = (
				Base,
				en,
			);
			mainGroup = 29B97314FDCFA39411CA2CEA /* Sloth */;
			projectDirPath = "";
			projectRoot = "";
			targets = (
				8D1107260486CEB800E47090 /* Sloth */,
			);
		};
/* End PBXProject section */

/* Begin PBXResourcesBuildPhase section */
		8D1107290486CEB800E47090 /* Resources */ = {
			isa = PBXResourcesBuildPhase;
			buildActionMask = 2147483647;
			files = (
				F47B45361EE74F2C00D79DFF /* Credits.rtf in Resources */,
				F4F1D9171C7CB9C500945D3E /* dsa_pub.pem in Resources */,
				F4F7A5042215F11E004421AA /* Prefs.xib in Resources */,
				F43440C620822A7F00AF60AA /* AppIcon.icns in Resources */,
				F413E66F1C76842A00385DB3 /* MainMenu.xib in Resources */,
				F40B7D2D1C75FA05000A4616 /* Images.xcassets in Resources */,
				F442E0731EA7DB1000BAD80C /* InfoPanel.xib in Resources */,
				F438713413402CDD00B51A5E /* Defaults.plist in Resources */,
			);
			runOnlyForDeploymentPostprocessing = 0;
		};
/* End PBXResourcesBuildPhase section */

/* Begin PBXShellScriptBuildPhase section */
		F4F1D89E1C761F8F00945D3E /* Set CFBundleVersion */ = {
			isa = PBXShellScriptBuildPhase;
			buildActionMask = 12;
			files = (
			);
			inputPaths = (
			);
			name = "Set CFBundleVersion";
			outputPaths = (
			);
			runOnlyForDeploymentPostprocessing = 0;
			shellPath = /bin/sh;
			shellScript = "#!/bin/sh\nBUILD_NUMBER=`git rev-list HEAD | wc -l`\n/usr/libexec/PlistBuddy -c \"Set :CFBundleVersion $BUILD_NUMBER\" \"${TARGET_BUILD_DIR}/${INFOPLIST_PATH}\"\n#echo \"warning: ${TARGET_BUILD_DIR}/${INFOPLIST_PATH}\"\nif [ \"$?\" -ne 0 ] ; then\n    echo \"warning:Error incrementing CFBundleVersion\"\nfi\n";
		};
/* End PBXShellScriptBuildPhase section */

/* Begin PBXSourcesBuildPhase section */
		8D11072C0486CEB800E47090 /* Sources */ = {
			isa = PBXSourcesBuildPhase;
			buildActionMask = 2147483647;
			files = (
				F42940C9221987240031E564 /* IconUtils.m in Sources */,
				F4AC98362060583E0000871B /* IPUtils.m in Sources */,
				F4081FA02088E0C9009BB15A /* ProcessUtils.m in Sources */,
				F4070BE0221ED056006E7700 /* FSUtils.m in Sources */,
				F4A7BA8220EBAD3200083B48 /* VolumesPopUpButton.m in Sources */,
				F4F1D89D1C76186200945D3E /* NSString+RegexConvenience.m in Sources */,
				F471DF6420F586510057E667 /* NSWorkspace+Additions.m in Sources */,
				F4D529341C90BAE10046FAE9 /* InfoPanelController.m in Sources */,
				F479672E224FA4E000CA0746 /* TimeAgoTextField.m in Sources */,
				F4584497216BA23400428797 /* STPrivilegedTask.m in Sources */,
				F438711813402C8200B51A5E /* main.m in Sources */,
				F438711A13402C8200B51A5E /* SlothController.m in Sources */,
				F4F7A5012215F0F0004421AA /* PrefsController.m in Sources */,
				F40B7D311C75FAC7000A4616 /* Alerts.m in Sources */,
			);
			runOnlyForDeploymentPostprocessing = 0;
		};
/* End PBXSourcesBuildPhase section */

/* Begin XCBuildConfiguration section */
		C01FCF4B08A954540054247B /* Debug */ = {
			isa = XCBuildConfiguration;
			buildSettings = {
				CLANG_ENABLE_OBJC_ARC = YES;
				CODE_SIGN_IDENTITY = "Developer ID Application";
				CODE_SIGN_STYLE = Manual;
				COPY_PHASE_STRIP = NO;
				DEAD_CODE_STRIPPING = NO;
				DEPLOYMENT_POSTPROCESSING = YES;
				DEVELOPMENT_TEAM = 5WX26Y89JP;
				FRAMEWORK_SEARCH_PATHS = (
					"$(inherited)",
					"$(PROJECT_DIR)/sparkle",
				);
				GCC_DYNAMIC_NO_PIC = NO;
				GCC_OPTIMIZATION_LEVEL = 0;
				GCC_VERSION = "";
				GENERATE_PKGINFO_FILE = NO;
				INFOPLIST_EXPAND_BUILD_SETTINGS = NO;
				INFOPLIST_FILE = resources/Info.plist;
				INSTALL_PATH = "";
				MACOSX_DEPLOYMENT_TARGET = 10.8;
				OTHER_LDFLAGS = "-Wl,-rpath,@loader_path/../Frameworks";
				PRODUCT_BUNDLE_IDENTIFIER = org.sveinbjorn.Sloth;
				PRODUCT_NAME = Sloth;
				PROVISIONING_PROFILE_SPECIFIER = "";
				SDKROOT = macosx;
				STRIPFLAGS = "-x";
				STRIP_INSTALLED_PRODUCT = NO;
				VALID_ARCHS = x86_64;
				WRAPPER_EXTENSION = app;
			};
			name = Debug;
		};
		C01FCF4C08A954540054247B /* Release */ = {
			isa = XCBuildConfiguration;
			buildSettings = {
				CLANG_ENABLE_OBJC_ARC = YES;
				CODE_SIGN_IDENTITY = "Developer ID Application";
				CODE_SIGN_STYLE = Manual;
				COPY_PHASE_STRIP = YES;
				DEAD_CODE_STRIPPING = YES;
				DEPLOYMENT_POSTPROCESSING = YES;
				DEVELOPMENT_TEAM = 5WX26Y89JP;
				FRAMEWORK_SEARCH_PATHS = (
					"$(inherited)",
					"$(PROJECT_DIR)/sparkle",
				);
				GCC_GENERATE_DEBUGGING_SYMBOLS = NO;
				GCC_VERSION = "";
				GENERATE_PKGINFO_FILE = NO;
				INFOPLIST_EXPAND_BUILD_SETTINGS = NO;
				INFOPLIST_FILE = resources/Info.plist;
				INSTALL_PATH = "";
				MACOSX_DEPLOYMENT_TARGET = 10.8;
				OTHER_LDFLAGS = "-Wl,-rpath,@loader_path/../Frameworks";
				PRODUCT_BUNDLE_IDENTIFIER = org.sveinbjorn.Sloth;
				PRODUCT_NAME = Sloth;
				PROVISIONING_PROFILE_SPECIFIER = "";
				SDKROOT = macosx;
				STRIPFLAGS = "-x";
				STRIP_INSTALLED_PRODUCT = YES;
				VALID_ARCHS = x86_64;
				WRAPPER_EXTENSION = app;
			};
			name = Release;
		};
		C01FCF4F08A954540054247B /* Debug */ = {
			isa = XCBuildConfiguration;
			buildSettings = {
				CLANG_ANALYZER_LOCALIZABILITY_NONLOCALIZED = NO;
				CLANG_ENABLE_MODULES = YES;
				CLANG_WARN_BLOCK_CAPTURE_AUTORELEASING = YES;
				CLANG_WARN_BOOL_CONVERSION = YES;
				CLANG_WARN_COMMA = YES;
				CLANG_WARN_CONSTANT_CONVERSION = YES;
				CLANG_WARN_DEPRECATED_OBJC_IMPLEMENTATIONS = YES;
				CLANG_WARN_EMPTY_BODY = YES;
				CLANG_WARN_ENUM_CONVERSION = YES;
				CLANG_WARN_INFINITE_RECURSION = YES;
				CLANG_WARN_INT_CONVERSION = YES;
				CLANG_WARN_NON_LITERAL_NULL_CONVERSION = YES;
				CLANG_WARN_OBJC_IMPLICIT_RETAIN_SELF = NO;
				CLANG_WARN_OBJC_LITERAL_CONVERSION = YES;
				CLANG_WARN_RANGE_LOOP_ANALYSIS = YES;
				CLANG_WARN_STRICT_PROTOTYPES = YES;
				CLANG_WARN_SUSPICIOUS_MOVE = YES;
				CLANG_WARN_UNREACHABLE_CODE = YES;
				CLANG_WARN__DUPLICATE_METHOD_MATCH = YES;
				DEPLOYMENT_POSTPROCESSING = YES;
				ENABLE_STRICT_OBJC_MSGSEND = YES;
				ENABLE_TESTABILITY = NO;
				GCC_CW_ASM_SYNTAX = NO;
				GCC_ENABLE_CPP_EXCEPTIONS = NO;
				GCC_ENABLE_CPP_RTTI = NO;
				GCC_NO_COMMON_BLOCKS = YES;
				GCC_VERSION = "";
				GCC_WARN_64_TO_32_BIT_CONVERSION = YES;
				GCC_WARN_ABOUT_MISSING_NEWLINE = YES;
				GCC_WARN_ABOUT_RETURN_TYPE = YES;
				GCC_WARN_UNDECLARED_SELECTOR = YES;
				GCC_WARN_UNINITIALIZED_AUTOS = YES;
				GCC_WARN_UNUSED_FUNCTION = YES;
				GCC_WARN_UNUSED_VARIABLE = YES;
				INFOPLIST_EXPAND_BUILD_SETTINGS = NO;
				MACOSX_DEPLOYMENT_TARGET = 10.8;
				ONLY_ACTIVE_ARCH = YES;
				SDKROOT = macosx;
				VALID_ARCHS = x86_64;
				WARNING_CFLAGS = "-Wpartial-availability";
				"WARNING_CFLAGS[arch=*]" = "-Wpartial-availability";
			};
			name = Debug;
		};
		C01FCF5008A954540054247B /* Release */ = {
			isa = XCBuildConfiguration;
			buildSettings = {
				CLANG_ANALYZER_LOCALIZABILITY_NONLOCALIZED = NO;
				CLANG_ENABLE_MODULES = YES;
				CLANG_WARN_BLOCK_CAPTURE_AUTORELEASING = YES;
				CLANG_WARN_BOOL_CONVERSION = YES;
				CLANG_WARN_COMMA = YES;
				CLANG_WARN_CONSTANT_CONVERSION = YES;
				CLANG_WARN_DEPRECATED_OBJC_IMPLEMENTATIONS = YES;
				CLANG_WARN_EMPTY_BODY = YES;
				CLANG_WARN_ENUM_CONVERSION = YES;
				CLANG_WARN_INFINITE_RECURSION = YES;
				CLANG_WARN_INT_CONVERSION = YES;
				CLANG_WARN_NON_LITERAL_NULL_CONVERSION = YES;
				CLANG_WARN_OBJC_IMPLICIT_RETAIN_SELF = NO;
				CLANG_WARN_OBJC_LITERAL_CONVERSION = YES;
				CLANG_WARN_RANGE_LOOP_ANALYSIS = YES;
				CLANG_WARN_STRICT_PROTOTYPES = YES;
				CLANG_WARN_SUSPICIOUS_MOVE = YES;
				CLANG_WARN_UNREACHABLE_CODE = YES;
				CLANG_WARN__DUPLICATE_METHOD_MATCH = YES;
				DEPLOYMENT_POSTPROCESSING = YES;
				ENABLE_STRICT_OBJC_MSGSEND = YES;
				GCC_CW_ASM_SYNTAX = NO;
				GCC_ENABLE_CPP_EXCEPTIONS = NO;
				GCC_ENABLE_CPP_RTTI = NO;
				GCC_ENABLE_OBJC_EXCEPTIONS = YES;
				GCC_GENERATE_DEBUGGING_SYMBOLS = NO;
				GCC_NO_COMMON_BLOCKS = YES;
				GCC_VERSION = "";
				GCC_WARN_64_TO_32_BIT_CONVERSION = YES;
				GCC_WARN_ABOUT_MISSING_NEWLINE = YES;
				GCC_WARN_ABOUT_RETURN_TYPE = YES;
				GCC_WARN_UNDECLARED_SELECTOR = YES;
				GCC_WARN_UNINITIALIZED_AUTOS = YES;
				GCC_WARN_UNUSED_FUNCTION = YES;
				GCC_WARN_UNUSED_VARIABLE = YES;
				INFOPLIST_EXPAND_BUILD_SETTINGS = NO;
				MACOSX_DEPLOYMENT_TARGET = 10.8;
				ONLY_ACTIVE_ARCH = NO;
				SDKROOT = macosx;
				VALID_ARCHS = x86_64;
				WARNING_CFLAGS = "-Wpartial-availability";
			};
			name = Release;
		};
/* End XCBuildConfiguration section */

/* Begin XCConfigurationList section */
		C01FCF4A08A954540054247B /* Build configuration list for PBXNativeTarget "Sloth" */ = {
			isa = XCConfigurationList;
			buildConfigurations = (
				C01FCF4B08A954540054247B /* Debug */,
				C01FCF4C08A954540054247B /* Release */,
			);
			defaultConfigurationIsVisible = 0;
			defaultConfigurationName = Release;
		};
		C01FCF4E08A954540054247B /* Build configuration list for PBXProject "Sloth" */ = {
			isa = XCConfigurationList;
			buildConfigurations = (
				C01FCF4F08A954540054247B /* Debug */,
				C01FCF5008A954540054247B /* Release */,
			);
			defaultConfigurationIsVisible = 0;
			defaultConfigurationName = Release;
		};
/* End XCConfigurationList section */
	};
	rootObject = 29B97313FDCFA39411CA2CEA /* Project object */;
}
