// !$*UTF8*$!
{
	archiveVersion = 1;
	classes = {
	};
	objectVersion = 54;
	objects = {

/* Begin PBXBuildFile section */
		8D11072F0486CEB800E47090 /* Cocoa.framework in Frameworks */ = {isa = PBXBuildFile; fileRef = 1058C7A1FEA54F0111CA2CBB /* Cocoa.framework */; };
		F40B7D2D1C75FA05000A4616 /* Images.xcassets in Resources */ = {isa = PBXBuildFile; fileRef = F40B7D2C1C75FA05000A4616 /* Images.xcassets */; };
		F413E66F1C76842A00385DB3 /* MainMenu.xib in Resources */ = {isa = PBXBuildFile; fileRef = F413E66E1C76842A00385DB3 /* MainMenu.xib */; };
		F43440C620822A7F00AF60AA /* sloth.icns in Resources */ = {isa = PBXBuildFile; fileRef = F438712D13402CDD00B51A5E /* sloth.icns */; };
		F435322E2558EFC800AF00BD /* MutableDictProxy.m in Sources */ = {isa = PBXBuildFile; fileRef = F435320F2558EFC800AF00BD /* MutableDictProxy.m */; };
		F435322F2558EFC800AF00BD /* Alerts.m in Sources */ = {isa = PBXBuildFile; fileRef = F43532122558EFC800AF00BD /* Alerts.m */; };
		F43532302558EFC800AF00BD /* LsofTask.m in Sources */ = {isa = PBXBuildFile; fileRef = F43532142558EFC800AF00BD /* LsofTask.m */; };
		F43532312558EFC800AF00BD /* VolumesPopUpButton.m in Sources */ = {isa = PBXBuildFile; fileRef = F43532152558EFC800AF00BD /* VolumesPopUpButton.m */; };
		F43532322558EFC800AF00BD /* PrefsController.m in Sources */ = {isa = PBXBuildFile; fileRef = F43532162558EFC800AF00BD /* PrefsController.m */; };
		F43532332558EFC800AF00BD /* NSWorkspace+Additions.m in Sources */ = {isa = PBXBuildFile; fileRef = F43532182558EFC800AF00BD /* NSWorkspace+Additions.m */; };
		F43532342558EFC800AF00BD /* IPUtils.m in Sources */ = {isa = PBXBuildFile; fileRef = F43532192558EFC800AF00BD /* IPUtils.m */; };
		F43532352558EFC800AF00BD /* FSUtils.m in Sources */ = {isa = PBXBuildFile; fileRef = F435321C2558EFC800AF00BD /* FSUtils.m */; };
		F43532362558EFC800AF00BD /* STPrivilegedTask.m in Sources */ = {isa = PBXBuildFile; fileRef = F435321D2558EFC800AF00BD /* STPrivilegedTask.m */; };
		F43532372558EFC800AF00BD /* main.m in Sources */ = {isa = PBXBuildFile; fileRef = F435321F2558EFC800AF00BD /* main.m */; };
		F43532382558EFC800AF00BD /* InfoPanelController.m in Sources */ = {isa = PBXBuildFile; fileRef = F43532202558EFC800AF00BD /* InfoPanelController.m */; };
		F43532392558EFC800AF00BD /* IconUtils.m in Sources */ = {isa = PBXBuildFile; fileRef = F43532232558EFC800AF00BD /* IconUtils.m */; };
		F435323A2558EFC800AF00BD /* NSString+RegexConvenience.m in Sources */ = {isa = PBXBuildFile; fileRef = F43532252558EFC800AF00BD /* NSString+RegexConvenience.m */; };
		F435323B2558EFC800AF00BD /* Item.m in Sources */ = {isa = PBXBuildFile; fileRef = F43532272558EFC800AF00BD /* Item.m */; };
		F435323C2558EFC800AF00BD /* SlothController.m in Sources */ = {isa = PBXBuildFile; fileRef = F435322B2558EFC800AF00BD /* SlothController.m */; };
		F435323D2558EFC800AF00BD /* ProcessUtils.m in Sources */ = {isa = PBXBuildFile; fileRef = F435322C2558EFC800AF00BD /* ProcessUtils.m */; };
		F438713413402CDD00B51A5E /* Defaults.plist in Resources */ = {isa = PBXBuildFile; fileRef = F438712C13402CDD00B51A5E /* Defaults.plist */; };
		F442E0731EA7DB1000BAD80C /* InfoPanel.xib in Resources */ = {isa = PBXBuildFile; fileRef = F442E0721EA7DB1000BAD80C /* InfoPanel.xib */; };
		F442E0781EA7DD0D00BAD80C /* Sparkle.framework in Frameworks */ = {isa = PBXBuildFile; fileRef = F442E0771EA7DD0D00BAD80C /* Sparkle.framework */; };
		F442E0791EA7DD2500BAD80C /* Sparkle.framework in Copy Frameworks */ = {isa = PBXBuildFile; fileRef = F442E0771EA7DD0D00BAD80C /* Sparkle.framework */; settings = {ATTRIBUTES = (CodeSignOnCopy, RemoveHeadersOnCopy, ); }; };
		F47B45361EE74F2C00D79DFF /* Credits.rtf in Resources */ = {isa = PBXBuildFile; fileRef = F47B45351EE74F2C00D79DFF /* Credits.rtf */; };
		F4ED53C31C789A0A0024540F /* Security.framework in Frameworks */ = {isa = PBXBuildFile; fileRef = F4ED53C21C789A0A0024540F /* Security.framework */; };
		F4F7A5042215F11E004421AA /* Prefs.xib in Resources */ = {isa = PBXBuildFile; fileRef = F4F7A5032215F11E004421AA /* Prefs.xib */; };
/* End PBXBuildFile section */

/* Begin PBXCopyFilesBuildPhase section */
		F413E66C1C76631F00385DB3 /* Copy Frameworks */ = {
			isa = PBXCopyFilesBuildPhase;
			buildActionMask = 2147483647;
			dstPath = "";
			dstSubfolderSpec = 10;
			files = (
				F442E0791EA7DD2500BAD80C /* Sparkle.framework in Copy Frameworks */,
			);
			name = "Copy Frameworks";
			runOnlyForDeploymentPostprocessing = 0;
		};
/* End PBXCopyFilesBuildPhase section */

/* Begin PBXFileReference section */
		1058C7A1FEA54F0111CA2CBB /* Cocoa.framework */ = {isa = PBXFileReference; lastKnownFileType = wrapper.framework; name = Cocoa.framework; path = /System/Library/Frameworks/Cocoa.framework; sourceTree = "<absolute>"; };
		8D1107320486CEB800E47090 /* Sloth.app */ = {isa = PBXFileReference; explicitFileType = wrapper.application; includeInIndex = 0; path = Sloth.app; sourceTree = BUILT_PRODUCTS_DIR; };
		F40B7D2B1C75F161000A4616 /* sloth_icon.png */ = {isa = PBXFileReference; lastKnownFileType = image.png; path = sloth_icon.png; sourceTree = "<group>"; };
		F40B7D2C1C75FA05000A4616 /* Images.xcassets */ = {isa = PBXFileReference; lastKnownFileType = folder.assetcatalog; path = Images.xcassets; sourceTree = "<group>"; };
		F413E66E1C76842A00385DB3 /* MainMenu.xib */ = {isa = PBXFileReference; fileEncoding = 4; lastKnownFileType = file.xib; path = MainMenu.xib; sourceTree = "<group>"; };
		F435320E2558EFC800AF00BD /* InfoPanelController.h */ = {isa = PBXFileReference; fileEncoding = 4; lastKnownFileType = sourcecode.c.h; path = InfoPanelController.h; sourceTree = "<group>"; };
		F435320F2558EFC800AF00BD /* MutableDictProxy.m */ = {isa = PBXFileReference; fileEncoding = 4; lastKnownFileType = sourcecode.c.objc; path = MutableDictProxy.m; sourceTree = "<group>"; };
		F43532102558EFC800AF00BD /* STPrivilegedTask.h */ = {isa = PBXFileReference; fileEncoding = 4; lastKnownFileType = sourcecode.c.h; path = STPrivilegedTask.h; sourceTree = "<group>"; };
		F43532112558EFC800AF00BD /* NSString+RegexConvenience.h */ = {isa = PBXFileReference; fileEncoding = 4; lastKnownFileType = sourcecode.c.h; path = "NSString+RegexConvenience.h"; sourceTree = "<group>"; };
		F43532122558EFC800AF00BD /* Alerts.m */ = {isa = PBXFileReference; fileEncoding = 4; lastKnownFileType = sourcecode.c.objc; path = Alerts.m; sourceTree = "<group>"; };
		F43532132558EFC800AF00BD /* IconUtils.h */ = {isa = PBXFileReference; fileEncoding = 4; lastKnownFileType = sourcecode.c.h; path = IconUtils.h; sourceTree = "<group>"; };
		F43532142558EFC800AF00BD /* LsofTask.m */ = {isa = PBXFileReference; fileEncoding = 4; lastKnownFileType = sourcecode.c.objc; path = LsofTask.m; sourceTree = "<group>"; };
		F43532152558EFC800AF00BD /* VolumesPopUpButton.m */ = {isa = PBXFileReference; fileEncoding = 4; lastKnownFileType = sourcecode.c.objc; path = VolumesPopUpButton.m; sourceTree = "<group>"; };
		F43532162558EFC800AF00BD /* PrefsController.m */ = {isa = PBXFileReference; fileEncoding = 4; lastKnownFileType = sourcecode.c.objc; path = PrefsController.m; sourceTree = "<group>"; };
		F43532172558EFC800AF00BD /* Item.h */ = {isa = PBXFileReference; fileEncoding = 4; lastKnownFileType = sourcecode.c.h; path = Item.h; sourceTree = "<group>"; };
		F43532182558EFC800AF00BD /* NSWorkspace+Additions.m */ = {isa = PBXFileReference; fileEncoding = 4; lastKnownFileType = sourcecode.c.objc; path = "NSWorkspace+Additions.m"; sourceTree = "<group>"; };
		F43532192558EFC800AF00BD /* IPUtils.m */ = {isa = PBXFileReference; fileEncoding = 4; lastKnownFileType = sourcecode.c.objc; path = IPUtils.m; sourceTree = "<group>"; };
		F435321A2558EFC800AF00BD /* ProcessUtils.h */ = {isa = PBXFileReference; fileEncoding = 4; lastKnownFileType = sourcecode.c.h; path = ProcessUtils.h; sourceTree = "<group>"; };
		F435321B2558EFC800AF00BD /* SlothController.h */ = {isa = PBXFileReference; fileEncoding = 4; lastKnownFileType = sourcecode.c.h; path = SlothController.h; sourceTree = "<group>"; };
		F435321C2558EFC800AF00BD /* FSUtils.m */ = {isa = PBXFileReference; fileEncoding = 4; lastKnownFileType = sourcecode.c.objc; path = FSUtils.m; sourceTree = "<group>"; };
		F435321D2558EFC800AF00BD /* STPrivilegedTask.m */ = {isa = PBXFileReference; fileEncoding = 4; lastKnownFileType = sourcecode.c.objc; path = STPrivilegedTask.m; sourceTree = "<group>"; };
		F435321E2558EFC800AF00BD /* Common.h */ = {isa = PBXFileReference; fileEncoding = 4; lastKnownFileType = sourcecode.c.h; path = Common.h; sourceTree = "<group>"; };
		F435321F2558EFC800AF00BD /* main.m */ = {isa = PBXFileReference; fileEncoding = 4; lastKnownFileType = sourcecode.c.objc; path = main.m; sourceTree = "<group>"; };
		F43532202558EFC800AF00BD /* InfoPanelController.m */ = {isa = PBXFileReference; fileEncoding = 4; lastKnownFileType = sourcecode.c.objc; path = InfoPanelController.m; sourceTree = "<group>"; };
		F43532212558EFC800AF00BD /* MutableDictProxy.h */ = {isa = PBXFileReference; fileEncoding = 4; lastKnownFileType = sourcecode.c.h; path = MutableDictProxy.h; sourceTree = "<group>"; };
		F43532222558EFC800AF00BD /* LsofTask.h */ = {isa = PBXFileReference; fileEncoding = 4; lastKnownFileType = sourcecode.c.h; path = LsofTask.h; sourceTree = "<group>"; };
		F43532232558EFC800AF00BD /* IconUtils.m */ = {isa = PBXFileReference; fileEncoding = 4; lastKnownFileType = sourcecode.c.objc; path = IconUtils.m; sourceTree = "<group>"; };
		F43532242558EFC800AF00BD /* Alerts.h */ = {isa = PBXFileReference; fileEncoding = 4; lastKnownFileType = sourcecode.c.h; path = Alerts.h; sourceTree = "<group>"; };
		F43532252558EFC800AF00BD /* NSString+RegexConvenience.m */ = {isa = PBXFileReference; fileEncoding = 4; lastKnownFileType = sourcecode.c.objc; path = "NSString+RegexConvenience.m"; sourceTree = "<group>"; };
		F43532262558EFC800AF00BD /* NSWorkspace+Additions.h */ = {isa = PBXFileReference; fileEncoding = 4; lastKnownFileType = sourcecode.c.h; path = "NSWorkspace+Additions.h"; sourceTree = "<group>"; };
		F43532272558EFC800AF00BD /* Item.m */ = {isa = PBXFileReference; fileEncoding = 4; lastKnownFileType = sourcecode.c.objc; path = Item.m; sourceTree = "<group>"; };
		F43532282558EFC800AF00BD /* PrefsController.h */ = {isa = PBXFileReference; fileEncoding = 4; lastKnownFileType = sourcecode.c.h; path = PrefsController.h; sourceTree = "<group>"; };
		F43532292558EFC800AF00BD /* VolumesPopUpButton.h */ = {isa = PBXFileReference; fileEncoding = 4; lastKnownFileType = sourcecode.c.h; path = VolumesPopUpButton.h; sourceTree = "<group>"; };
		F435322A2558EFC800AF00BD /* FSUtils.h */ = {isa = PBXFileReference; fileEncoding = 4; lastKnownFileType = sourcecode.c.h; path = FSUtils.h; sourceTree = "<group>"; };
		F435322B2558EFC800AF00BD /* SlothController.m */ = {isa = PBXFileReference; fileEncoding = 4; lastKnownFileType = sourcecode.c.objc; path = SlothController.m; sourceTree = "<group>"; };
		F435322C2558EFC800AF00BD /* ProcessUtils.m */ = {isa = PBXFileReference; fileEncoding = 4; lastKnownFileType = sourcecode.c.objc; path = ProcessUtils.m; sourceTree = "<group>"; };
		F435322D2558EFC800AF00BD /* IPUtils.h */ = {isa = PBXFileReference; fileEncoding = 4; lastKnownFileType = sourcecode.c.h; path = IPUtils.h; sourceTree = "<group>"; };
		F438712913402CDD00B51A5E /* Info.plist */ = {isa = PBXFileReference; fileEncoding = 4; lastKnownFileType = text.plist.xml; path = Info.plist; sourceTree = "<group>"; };
		F438712C13402CDD00B51A5E /* Defaults.plist */ = {isa = PBXFileReference; fileEncoding = 4; lastKnownFileType = text.plist.xml; path = Defaults.plist; sourceTree = "<group>"; };
		F438712D13402CDD00B51A5E /* sloth.icns */ = {isa = PBXFileReference; lastKnownFileType = image.icns; path = sloth.icns; sourceTree = "<group>"; };
		F442E0721EA7DB1000BAD80C /* InfoPanel.xib */ = {isa = PBXFileReference; fileEncoding = 4; lastKnownFileType = file.xib; path = InfoPanel.xib; sourceTree = "<group>"; };
		F442E0771EA7DD0D00BAD80C /* Sparkle.framework */ = {isa = PBXFileReference; lastKnownFileType = wrapper.framework; name = Sparkle.framework; path = sparkle/Sparkle.framework; sourceTree = "<group>"; };
		F44FC67225AD5EA200BC72F5 /* macos.yml */ = {isa = PBXFileReference; lastKnownFileType = text.yaml; name = macos.yml; path = .github/workflows/macos.yml; sourceTree = "<group>"; };
		F45B3F6F29A15132007D506D /* CHANGELOG.md */ = {isa = PBXFileReference; lastKnownFileType = net.daringfireball.markdown; path = CHANGELOG.md; sourceTree = "<group>"; };
		F47B45351EE74F2C00D79DFF /* Credits.rtf */ = {isa = PBXFileReference; fileEncoding = 4; lastKnownFileType = text.rtf; path = Credits.rtf; sourceTree = "<group>"; };
		F47B453F1EF82AC200D79DFF /* TODO.md */ = {isa = PBXFileReference; fileEncoding = 4; lastKnownFileType = net.daringfireball.markdown; path = TODO.md; sourceTree = "<group>"; };
		F48BB5B924732C2C00B569F6 /* sloth_screenshot3.jpg */ = {isa = PBXFileReference; lastKnownFileType = image.jpeg; path = sloth_screenshot3.jpg; sourceTree = "<group>"; };
		F49B28AC1E858FAC00FA6716 /* sloth_screenshot2.jpg */ = {isa = PBXFileReference; lastKnownFileType = image.jpeg; path = sloth_screenshot2.jpg; sourceTree = "<group>"; };
		F4A8B5CD222DB5280049FA51 /* Makefile */ = {isa = PBXFileReference; lastKnownFileType = sourcecode.make; path = Makefile; sourceTree = "<group>"; };
		F4A9D5EE206A68BC0069B2B6 /* LICENSE.txt */ = {isa = PBXFileReference; lastKnownFileType = text; path = LICENSE.txt; sourceTree = "<group>"; };
		F4B977AF1F8EBBEB0099971E /* sloth_screenshot1.jpg */ = {isa = PBXFileReference; lastKnownFileType = image.jpeg; path = sloth_screenshot1.jpg; sourceTree = "<group>"; };
		F4ED53C21C789A0A0024540F /* Security.framework */ = {isa = PBXFileReference; lastKnownFileType = wrapper.framework; name = Security.framework; path = /System/Library/Frameworks/Security.framework; sourceTree = "<absolute>"; };
		F4F1D8A01C7623AF00945D3E /* README.md */ = {isa = PBXFileReference; lastKnownFileType = net.daringfireball.markdown; path = README.md; sourceTree = "<group>"; };
		F4F1D9111C7CB95700945D3E /* dsa_priv.pem */ = {isa = PBXFileReference; lastKnownFileType = text; path = dsa_priv.pem; sourceTree = "<group>"; };
		F4F1D9121C7CB95700945D3E /* dsa_pub.pem */ = {isa = PBXFileReference; lastKnownFileType = text; path = dsa_pub.pem; sourceTree = "<group>"; };
		F4F1D9151C7CB95700945D3E /* SlothAppcast.xml */ = {isa = PBXFileReference; lastKnownFileType = text.xml; path = SlothAppcast.xml; sourceTree = "<group>"; };
		F4F1D9161C7CB95700945D3E /* update_appcast.sh */ = {isa = PBXFileReference; lastKnownFileType = text.script.sh; path = update_appcast.sh; sourceTree = "<group>"; };
		F4F7A5032215F11E004421AA /* Prefs.xib */ = {isa = PBXFileReference; fileEncoding = 4; lastKnownFileType = file.xib; path = Prefs.xib; sourceTree = "<group>"; };
/* End PBXFileReference section */

/* Begin PBXFrameworksBuildPhase section */
		8D11072E0486CEB800E47090 /* Frameworks */ = {
			isa = PBXFrameworksBuildPhase;
			buildActionMask = 2147483647;
			files = (
				8D11072F0486CEB800E47090 /* Cocoa.framework in Frameworks */,
				F442E0781EA7DD0D00BAD80C /* Sparkle.framework in Frameworks */,
				F4ED53C31C789A0A0024540F /* Security.framework in Frameworks */,
			);
			runOnlyForDeploymentPostprocessing = 0;
		};
/* End PBXFrameworksBuildPhase section */

/* Begin PBXGroup section */
		19C28FACFE9D520D11CA2CBB /* Products */ = {
			isa = PBXGroup;
			children = (
				8D1107320486CEB800E47090 /* Sloth.app */,
			);
			name = Products;
			sourceTree = "<group>";
		};
		29B97314FDCFA39411CA2CEA /* Sloth */ = {
			isa = PBXGroup;
			children = (
				F44FC67225AD5EA200BC72F5 /* macos.yml */,
				F4A8B5CD222DB5280049FA51 /* Makefile */,
				F4F1D8A01C7623AF00945D3E /* README.md */,
				F47B453F1EF82AC200D79DFF /* TODO.md */,
				F45B3F6F29A15132007D506D /* CHANGELOG.md */,
				F4A9D5EE206A68BC0069B2B6 /* LICENSE.txt */,
				F435320D2558EFC800AF00BD /* Source */,
				F438712713402CDD00B51A5E /* Resources */,
				F4F1D9101C7CB95700945D3E /* Sparkle */,
				29B97323FDCFA39411CA2CEA /* Frameworks */,
				19C28FACFE9D520D11CA2CBB /* Products */,
			);
			indentWidth = 4;
			name = Sloth;
			sourceTree = "<group>";
			tabWidth = 4;
			usesTabs = 0;
		};
		29B97323FDCFA39411CA2CEA /* Frameworks */ = {
			isa = PBXGroup;
			children = (
				F442E0771EA7DD0D00BAD80C /* Sparkle.framework */,
				F4ED53C21C789A0A0024540F /* Security.framework */,
				1058C7A1FEA54F0111CA2CBB /* Cocoa.framework */,
			);
			name = Frameworks;
			sourceTree = "<group>";
		};
		F435320D2558EFC800AF00BD /* Source */ = {
			isa = PBXGroup;
			children = (
				F435321F2558EFC800AF00BD /* main.m */,
				F435321E2558EFC800AF00BD /* Common.h */,
				F435321B2558EFC800AF00BD /* SlothController.h */,
				F435322B2558EFC800AF00BD /* SlothController.m */,
				F43532222558EFC800AF00BD /* LsofTask.h */,
				F43532142558EFC800AF00BD /* LsofTask.m */,
				F43532172558EFC800AF00BD /* Item.h */,
				F43532272558EFC800AF00BD /* Item.m */,
				F435320E2558EFC800AF00BD /* InfoPanelController.h */,
				F43532202558EFC800AF00BD /* InfoPanelController.m */,
				F43532292558EFC800AF00BD /* VolumesPopUpButton.h */,
				F43532152558EFC800AF00BD /* VolumesPopUpButton.m */,
				F43532282558EFC800AF00BD /* PrefsController.h */,
				F43532162558EFC800AF00BD /* PrefsController.m */,
				F4851D27256DA0BF0056CE9C /* Util */,
			);
			path = Source;
			sourceTree = "<group>";
		};
		F438712713402CDD00B51A5E /* Resources */ = {
			isa = PBXGroup;
			children = (
				F40B7D2C1C75FA05000A4616 /* Images.xcassets */,
				F413E66E1C76842A00385DB3 /* MainMenu.xib */,
				F442E0721EA7DB1000BAD80C /* InfoPanel.xib */,
				F4F7A5032215F11E004421AA /* Prefs.xib */,
				F47B45351EE74F2C00D79DFF /* Credits.rtf */,
				F438712913402CDD00B51A5E /* Info.plist */,
				F438712C13402CDD00B51A5E /* Defaults.plist */,
				F442E0741EA7DB2200BAD80C /* Images */,
			);
			name = Resources;
			path = resources;
			sourceTree = "<group>";
		};
		F442E0741EA7DB2200BAD80C /* Images */ = {
			isa = PBXGroup;
			children = (
				F438712D13402CDD00B51A5E /* sloth.icns */,
				F40B7D2B1C75F161000A4616 /* sloth_icon.png */,
				F4B977AF1F8EBBEB0099971E /* sloth_screenshot1.jpg */,
				F49B28AC1E858FAC00FA6716 /* sloth_screenshot2.jpg */,
				F48BB5B924732C2C00B569F6 /* sloth_screenshot3.jpg */,
			);
			name = Images;
			sourceTree = "<group>";
		};
		F4851D27256DA0BF0056CE9C /* Util */ = {
			isa = PBXGroup;
			children = (
				F43532242558EFC800AF00BD /* Alerts.h */,
				F43532122558EFC800AF00BD /* Alerts.m */,
				F43532212558EFC800AF00BD /* MutableDictProxy.h */,
				F435320F2558EFC800AF00BD /* MutableDictProxy.m */,
				F435322D2558EFC800AF00BD /* IPUtils.h */,
				F43532192558EFC800AF00BD /* IPUtils.m */,
				F435321A2558EFC800AF00BD /* ProcessUtils.h */,
				F435322C2558EFC800AF00BD /* ProcessUtils.m */,
				F435322A2558EFC800AF00BD /* FSUtils.h */,
				F435321C2558EFC800AF00BD /* FSUtils.m */,
				F43532132558EFC800AF00BD /* IconUtils.h */,
				F43532232558EFC800AF00BD /* IconUtils.m */,
				F43532112558EFC800AF00BD /* NSString+RegexConvenience.h */,
				F43532252558EFC800AF00BD /* NSString+RegexConvenience.m */,
				F43532262558EFC800AF00BD /* NSWorkspace+Additions.h */,
				F43532182558EFC800AF00BD /* NSWorkspace+Additions.m */,
				F43532102558EFC800AF00BD /* STPrivilegedTask.h */,
				F435321D2558EFC800AF00BD /* STPrivilegedTask.m */,
			);
			path = Util;
			sourceTree = "<group>";
		};
		F4F1D9101C7CB95700945D3E /* Sparkle */ = {
			isa = PBXGroup;
			children = (
				F4F1D9151C7CB95700945D3E /* SlothAppcast.xml */,
				F4F1D9111C7CB95700945D3E /* dsa_priv.pem */,
				F4F1D9121C7CB95700945D3E /* dsa_pub.pem */,
				F4F1D9161C7CB95700945D3E /* update_appcast.sh */,
			);
			name = Sparkle;
			path = sparkle;
			sourceTree = "<group>";
		};
/* End PBXGroup section */

/* Begin PBXNativeTarget section */
		8D1107260486CEB800E47090 /* Sloth */ = {
			isa = PBXNativeTarget;
			buildConfigurationList = C01FCF4A08A954540054247B /* Build configuration list for PBXNativeTarget "Sloth" */;
			buildPhases = (
				8D1107290486CEB800E47090 /* Resources */,
				F4F1D89E1C761F8F00945D3E /* Set CFBundleVersion */,
				8D11072C0486CEB800E47090 /* Sources */,
				F413E66C1C76631F00385DB3 /* Copy Frameworks */,
				F49DB76F2572583F009B6257 /* Sign Autoupdate.app */,
				8D11072E0486CEB800E47090 /* Frameworks */,
			);
			buildRules = (
			);
			dependencies = (
			);
			name = Sloth;
			productInstallPath = "$(HOME)/Applications";
			productName = Sloth;
			productReference = 8D1107320486CEB800E47090 /* Sloth.app */;
			productType = "com.apple.product-type.application";
		};
/* End PBXNativeTarget section */

/* Begin PBXProject section */
		29B97313FDCFA39411CA2CEA /* Project object */ = {
			isa = PBXProject;
			attributes = {
				LastUpgradeCheck = 1410;
				ORGANIZATIONNAME = "Sveinbjorn Thordarson";
			};
			buildConfigurationList = C01FCF4E08A954540054247B /* Build configuration list for PBXProject "Sloth" */;
			compatibilityVersion = "Xcode 3.2";
			developmentRegion = en;
			hasScannedForEncodings = 1;
			knownRegions = (
				Base,
				en,
			);
			mainGroup = 29B97314FDCFA39411CA2CEA /* Sloth */;
			projectDirPath = "";
			projectRoot = "";
			targets = (
				8D1107260486CEB800E47090 /* Sloth */,
			);
		};
/* End PBXProject section */

/* Begin PBXResourcesBuildPhase section */
		8D1107290486CEB800E47090 /* Resources */ = {
			isa = PBXResourcesBuildPhase;
			buildActionMask = 2147483647;
			files = (
				F47B45361EE74F2C00D79DFF /* Credits.rtf in Resources */,
				F4F7A5042215F11E004421AA /* Prefs.xib in Resources */,
				F43440C620822A7F00AF60AA /* sloth.icns in Resources */,
				F413E66F1C76842A00385DB3 /* MainMenu.xib in Resources */,
				F40B7D2D1C75FA05000A4616 /* Images.xcassets in Resources */,
				F442E0731EA7DB1000BAD80C /* InfoPanel.xib in Resources */,
				F438713413402CDD00B51A5E /* Defaults.plist in Resources */,
			);
			runOnlyForDeploymentPostprocessing = 0;
		};
/* End PBXResourcesBuildPhase section */

/* Begin PBXShellScriptBuildPhase section */
		F49DB76F2572583F009B6257 /* Sign Autoupdate.app */ = {
			isa = PBXShellScriptBuildPhase;
			alwaysOutOfDate = 1;
			buildActionMask = 2147483647;
			files = (
			);
			inputFileListPaths = (
			);
			inputPaths = (
			);
			name = "Sign Autoupdate.app";
			outputFileListPaths = (
			);
			outputPaths = (
			);
			runOnlyForDeploymentPostprocessing = 0;
			shellPath = /bin/sh;
			shellScript = "exit 0\n# We need to sign Autoupdate.app within Sparkle framework for update installation to work\n# Only do this for release builds so CI testing works\n#if [ \"${CONFIGURATION}\" != \"Release\" ]; then\n#  exit 0\n#fi\n\n\nLOCATION1=\"${BUILT_PRODUCTS_DIR}/Sloth.app/Contents/Frameworks/Sparkle.framework/Versions/A/Resources/Autoupdate.app/Contents/MacOS/Autoupdate\"\nLOCATION2=\"${BUILT_PRODUCTS_DIR}/Sloth.app/Contents/Frameworks/Sparkle.framework/Versions/A/Resources/Autoupdate.app/Contents/MacOS/fileop\"\n\nIDENTITY=${EXPANDED_CODE_SIGN_IDENTITY_NAME}\n\necho $IDENTITY\n\n\ncodesign --verbose --force --deep --sign \"$IDENTITY\" \"$LOCATION1\"\ncodesign --verbose --force --deep --sign \"$IDENTITY\" \"$LOCATION2\"\n \n";
		};
		F4F1D89E1C761F8F00945D3E /* Set CFBundleVersion */ = {
			isa = PBXShellScriptBuildPhase;
			alwaysOutOfDate = 1;
			buildActionMask = 12;
			files = (
			);
			inputPaths = (
			);
			name = "Set CFBundleVersion";
			outputPaths = (
			);
			runOnlyForDeploymentPostprocessing = 0;
			shellPath = /bin/sh;
			shellScript = "#!/bin/sh\nBUILD_NUMBER=`git rev-list HEAD | wc -l`\n/usr/libexec/PlistBuddy -c \"Set :CFBundleVersion $BUILD_NUMBER\" \"${INFOPLIST_FILE}\"\n#echo \"warning: ${TARGET_BUILD_DIR}/${INFOPLIST_PATH}\"\nif [ \"$?\" -ne 0 ] ; then\n    echo \"warning:Error incrementing CFBundleVersion\"\nfi\n";
		};
/* End PBXShellScriptBuildPhase section */

/* Begin PBXSourcesBuildPhase section */
		8D11072C0486CEB800E47090 /* Sources */ = {
			isa = PBXSourcesBuildPhase;
			buildActionMask = 2147483647;
			files = (
				F43532392558EFC800AF00BD /* IconUtils.m in Sources */,
				F43532382558EFC800AF00BD /* InfoPanelController.m in Sources */,
				F435323A2558EFC800AF00BD /* NSString+RegexConvenience.m in Sources */,
				F43532372558EFC800AF00BD /* main.m in Sources */,
				F435322F2558EFC800AF00BD /* Alerts.m in Sources */,
				F435322E2558EFC800AF00BD /* MutableDictProxy.m in Sources */,
				F43532342558EFC800AF00BD /* IPUtils.m in Sources */,
				F435323C2558EFC800AF00BD /* SlothController.m in Sources */,
				F43532322558EFC800AF00BD /* PrefsController.m in Sources */,
				F435323D2558EFC800AF00BD /* ProcessUtils.m in Sources */,
				F43532312558EFC800AF00BD /* VolumesPopUpButton.m in Sources */,
				F43532332558EFC800AF00BD /* NSWorkspace+Additions.m in Sources */,
				F43532352558EFC800AF00BD /* FSUtils.m in Sources */,
				F43532302558EFC800AF00BD /* LsofTask.m in Sources */,
				F435323B2558EFC800AF00BD /* Item.m in Sources */,
				F43532362558EFC800AF00BD /* STPrivilegedTask.m in Sources */,
			);
			runOnlyForDeploymentPostprocessing = 0;
		};
/* End PBXSourcesBuildPhase section */

/* Begin XCBuildConfiguration section */
		C01FCF4B08A954540054247B /* Debug */ = {
			isa = XCBuildConfiguration;
			buildSettings = {
				CLANG_ENABLE_OBJC_ARC = YES;
				CODE_SIGN_ENTITLEMENTS = "";
				CODE_SIGN_IDENTITY = "Developer ID Application";
				CODE_SIGN_STYLE = Manual;
				COPY_PHASE_STRIP = NO;
				DEAD_CODE_STRIPPING = NO;
				DEPLOYMENT_POSTPROCESSING = YES;
				DEVELOPMENT_TEAM = 5WX26Y89JP;
				ENABLE_HARDENED_RUNTIME = NO;
				FRAMEWORK_SEARCH_PATHS = (
					"$(inherited)",
					"$(PROJECT_DIR)/sparkle",
				);
				GCC_DYNAMIC_NO_PIC = NO;
				GCC_OPTIMIZATION_LEVEL = 0;
				GCC_VERSION = "";
				GENERATE_PKGINFO_FILE = NO;
				INFOPLIST_EXPAND_BUILD_SETTINGS = YES;
				INFOPLIST_FILE = resources/Info.plist;
				INFOPLIST_KEY_CFBundleDisplayName = Sloth;
				INFOPLIST_KEY_LSApplicationCategoryType = "public.app-category.utilities";
				INSTALL_PATH = "";
				MACOSX_DEPLOYMENT_TARGET = 10.11;
				MARKETING_VERSION = 3.3;
				OTHER_LDFLAGS = "-Wl,-rpath,@loader_path/../Frameworks";
				PRODUCT_BUNDLE_IDENTIFIER = org.sveinbjorn.Sloth;
				PRODUCT_NAME = Sloth;
				PROVISIONING_PROFILE_SPECIFIER = "";
				SDKROOT = macosx;
				STRIPFLAGS = "-x";
				STRIP_INSTALLED_PRODUCT = NO;
				WRAPPER_EXTENSION = app;
			};
			name = Debug;
		};
		C01FCF4C08A954540054247B /* Release */ = {
			isa = XCBuildConfiguration;
			buildSettings = {
				CLANG_ENABLE_OBJC_ARC = YES;
				CODE_SIGN_ENTITLEMENTS = "";
				CODE_SIGN_IDENTITY = "Developer ID Application";
				CODE_SIGN_STYLE = Manual;
				COPY_PHASE_STRIP = YES;
				DEAD_CODE_STRIPPING = NO;
				DEPLOYMENT_POSTPROCESSING = YES;
				DEVELOPMENT_TEAM = 5WX26Y89JP;
				ENABLE_HARDENED_RUNTIME = NO;
				FRAMEWORK_SEARCH_PATHS = (
					"$(inherited)",
					"$(PROJECT_DIR)/sparkle",
				);
				GCC_GENERATE_DEBUGGING_SYMBOLS = NO;
				GCC_VERSION = "";
				GENERATE_PKGINFO_FILE = NO;
				INFOPLIST_EXPAND_BUILD_SETTINGS = YES;
				INFOPLIST_FILE = resources/Info.plist;
				INFOPLIST_KEY_CFBundleDisplayName = Sloth;
				INFOPLIST_KEY_LSApplicationCategoryType = "public.app-category.utilities";
				INSTALL_PATH = "";
				MACOSX_DEPLOYMENT_TARGET = 10.11;
				MARKETING_VERSION = 3.3;
				OTHER_LDFLAGS = "-Wl,-rpath,@loader_path/../Frameworks";
				PRODUCT_BUNDLE_IDENTIFIER = org.sveinbjorn.Sloth;
				PRODUCT_NAME = Sloth;
				PROVISIONING_PROFILE_SPECIFIER = "";
				SDKROOT = macosx;
				STRIPFLAGS = "-x";
				STRIP_INSTALLED_PRODUCT = YES;
				WRAPPER_EXTENSION = app;
			};
			name = Release;
		};
		C01FCF4F08A954540054247B /* Debug */ = {
			isa = XCBuildConfiguration;
			buildSettings = {
				ALWAYS_SEARCH_USER_PATHS = NO;
				CLANG_ANALYZER_LOCALIZABILITY_NONLOCALIZED = NO;
				CLANG_ENABLE_MODULES = NO;
				CLANG_WARN_BLOCK_CAPTURE_AUTORELEASING = YES;
				CLANG_WARN_BOOL_CONVERSION = YES;
				CLANG_WARN_COMMA = YES;
				CLANG_WARN_CONSTANT_CONVERSION = YES;
				CLANG_WARN_DEPRECATED_OBJC_IMPLEMENTATIONS = YES;
				CLANG_WARN_EMPTY_BODY = YES;
				CLANG_WARN_ENUM_CONVERSION = YES;
				CLANG_WARN_INFINITE_RECURSION = YES;
				CLANG_WARN_INT_CONVERSION = YES;
				CLANG_WARN_NON_LITERAL_NULL_CONVERSION = YES;
				CLANG_WARN_OBJC_IMPLICIT_RETAIN_SELF = NO;
				CLANG_WARN_OBJC_LITERAL_CONVERSION = YES;
				CLANG_WARN_QUOTED_INCLUDE_IN_FRAMEWORK_HEADER = YES;
				CLANG_WARN_RANGE_LOOP_ANALYSIS = YES;
				CLANG_WARN_STRICT_PROTOTYPES = YES;
				CLANG_WARN_SUSPICIOUS_MOVE = YES;
				CLANG_WARN_UNREACHABLE_CODE = YES;
				CLANG_WARN__DUPLICATE_METHOD_MATCH = YES;
				DEAD_CODE_STRIPPING = YES;
				DEPLOYMENT_POSTPROCESSING = YES;
				ENABLE_STRICT_OBJC_MSGSEND = YES;
				ENABLE_TESTABILITY = YES;
				GCC_CW_ASM_SYNTAX = NO;
				GCC_ENABLE_CPP_EXCEPTIONS = NO;
				GCC_ENABLE_CPP_RTTI = NO;
				GCC_ENABLE_OBJC_EXCEPTIONS = NO;
				GCC_NO_COMMON_BLOCKS = YES;
				GCC_PREPROCESSOR_DEFINITIONS = "DEBUG=1";
				GCC_VERSION = "";
				GCC_WARN_64_TO_32_BIT_CONVERSION = YES;
				GCC_WARN_ABOUT_MISSING_NEWLINE = YES;
				GCC_WARN_ABOUT_RETURN_TYPE = YES;
				GCC_WARN_UNDECLARED_SELECTOR = YES;
				GCC_WARN_UNINITIALIZED_AUTOS = YES;
				GCC_WARN_UNUSED_FUNCTION = YES;
				GCC_WARN_UNUSED_VARIABLE = YES;
				INFOPLIST_EXPAND_BUILD_SETTINGS = YES;
				INFOPLIST_FILE = resources/Info.plist;
				INFOPLIST_OUTPUT_FORMAT = binary;
				INFOPLIST_PREPROCESS = NO;
				MACOSX_DEPLOYMENT_TARGET = 10.9;
				ONLY_ACTIVE_ARCH = YES;
				PLIST_FILE_OUTPUT_FORMAT = binary;
				SDKROOT = macosx;
				WARNING_CFLAGS = "-Wpartial-availability";
				"WARNING_CFLAGS[arch=*]" = "-Wpartial-availability";
			};
			name = Debug;
		};
		C01FCF5008A954540054247B /* Release */ = {
			isa = XCBuildConfiguration;
			buildSettings = {
				ALWAYS_SEARCH_USER_PATHS = NO;
				CLANG_ANALYZER_LOCALIZABILITY_NONLOCALIZED = NO;
				CLANG_ENABLE_MODULES = NO;
				CLANG_WARN_BLOCK_CAPTURE_AUTORELEASING = YES;
				CLANG_WARN_BOOL_CONVERSION = YES;
				CLANG_WARN_COMMA = YES;
				CLANG_WARN_CONSTANT_CONVERSION = YES;
				CLANG_WARN_DEPRECATED_OBJC_IMPLEMENTATIONS = YES;
				CLANG_WARN_EMPTY_BODY = YES;
				CLANG_WARN_ENUM_CONVERSION = YES;
				CLANG_WARN_INFINITE_RECURSION = YES;
				CLANG_WARN_INT_CONVERSION = YES;
				CLANG_WARN_NON_LITERAL_NULL_CONVERSION = YES;
				CLANG_WARN_OBJC_IMPLICIT_RETAIN_SELF = NO;
				CLANG_WARN_OBJC_LITERAL_CONVERSION = YES;
				CLANG_WARN_QUOTED_INCLUDE_IN_FRAMEWORK_HEADER = YES;
				CLANG_WARN_RANGE_LOOP_ANALYSIS = YES;
				CLANG_WARN_STRICT_PROTOTYPES = YES;
				CLANG_WARN_SUSPICIOUS_MOVE = YES;
				CLANG_WARN_UNREACHABLE_CODE = YES;
				CLANG_WARN__DUPLICATE_METHOD_MATCH = YES;
				DEAD_CODE_STRIPPING = YES;
				DEPLOYMENT_POSTPROCESSING = YES;
				ENABLE_STRICT_OBJC_MSGSEND = YES;
				ENABLE_TESTABILITY = NO;
				GCC_CW_ASM_SYNTAX = NO;
				GCC_ENABLE_CPP_EXCEPTIONS = NO;
				GCC_ENABLE_CPP_RTTI = NO;
				GCC_ENABLE_OBJC_EXCEPTIONS = NO;
				GCC_GENERATE_DEBUGGING_SYMBOLS = NO;
				GCC_NO_COMMON_BLOCKS = YES;
				GCC_VERSION = "";
				GCC_WARN_64_TO_32_BIT_CONVERSION = YES;
				GCC_WARN_ABOUT_MISSING_NEWLINE = YES;
				GCC_WARN_ABOUT_RETURN_TYPE = YES;
				GCC_WARN_UNDECLARED_SELECTOR = YES;
				GCC_WARN_UNINITIALIZED_AUTOS = YES;
				GCC_WARN_UNUSED_FUNCTION = YES;
				GCC_WARN_UNUSED_VARIABLE = YES;
				INFOPLIST_EXPAND_BUILD_SETTINGS = YES;
				INFOPLIST_FILE = resources/Info.plist;
				INFOPLIST_OUTPUT_FORMAT = binary;
				INFOPLIST_PREPROCESS = NO;
				MACOSX_DEPLOYMENT_TARGET = 10.9;
				ONLY_ACTIVE_ARCH = NO;
				PLIST_FILE_OUTPUT_FORMAT = binary;
				SDKROOT = macosx;
				WARNING_CFLAGS = "-Wpartial-availability";
			};
			name = Release;
		};
/* End XCBuildConfiguration section */

/* Begin XCConfigurationList section */
		C01FCF4A08A954540054247B /* Build configuration list for PBXNativeTarget "Sloth" */ = {
			isa = XCConfigurationList;
			buildConfigurations = (
				C01FCF4B08A954540054247B /* Debug */,
				C01FCF4C08A954540054247B /* Release */,
			);
			defaultConfigurationIsVisible = 0;
			defaultConfigurationName = Release;
		};
		C01FCF4E08A954540054247B /* Build configuration list for PBXProject "Sloth" */ = {
			isa = XCConfigurationList;
			buildConfigurations = (
				C01FCF4F08A954540054247B /* Debug */,
				C01FCF5008A954540054247B /* Release */,
			);
			defaultConfigurationIsVisible = 0;
			defaultConfigurationName = Release;
		};
/* End XCConfigurationList section */
	};
	rootObject = 29B97313FDCFA39411CA2CEA /* Project object */;
}
